
Microsoft Visual Studio Solution File, Format Version 12.00
# Visual Studio 15
VisualStudioVersion = 15.0.28010.2046
MinimumVisualStudioVersion = 10.0.40219.1
Project("{FAE04EC0-301F-11D3-BF4B-00C04F79EFBC}") = "DBMonitor", "DBMonitor\DBMonitor.csproj", "{089B2EAC-A235-4187-A933-AB04627FCAEE}"
EndProject
Global
	GlobalSection(SolutionConfigurationPlatforms) = preSolution
		Debug|Any CPU = Debug|Any CPU
		Release|Any CPU = Release|Any CPU
	EndGlobalSection
	GlobalSection(ProjectConfigurationPlatforms) = postSolution
		{089B2EAC-A235-4187-A933-AB04627FCAEE}.Debug|Any CPU.ActiveCfg = Debug|Any CPU
		{089B2EAC-A235-4187-A933-AB04627FCAEE}.Debug|Any CPU.Build.0 = Debug|Any CPU
		{089B2EAC-A235-4187-A933-AB04627FCAEE}.Release|Any CPU.ActiveCfg = Release|Any CPU
		{089B2EAC-A235-4187-A933-AB04627FCAEE}.Release|Any CPU.Build.0 = Release|Any CPU
	EndGlobalSection
	GlobalSection(SolutionProperties) = preSolution
		HideSolutionNode = FALSE
	EndGlobalSection
	GlobalSection(ExtensibilityGlobals) = postSolution
		SolutionGuid = {D9D73E7E-EDA3-4459-A983-4075876B013C}
	EndGlobalSection
EndGlobal
